
Microsoft Visual Studio Solution File, Format Version 12.00
# Visual Studio Version 17
VisualStudioVersion = 17.6.33801.468
MinimumVisualStudioVersion = 10.0.40219.1
Project("{FAE04EC0-301F-11D3-BF4B-00C04F79EFBC}") = "for_git", "for_git\for_git.csproj", "{B90B0DEE-C542-41BC-B7B3-FE9461960F99}"
EndProject
Global
	GlobalSection(SolutionConfigurationPlatforms) = preSolution
		Debug|Any CPU = Debug|Any CPU
		Release|Any CPU = Release|Any CPU
	EndGlobalSection
	GlobalSection(ProjectConfigurationPlatforms) = postSolution
		{B90B0DEE-C542-41BC-B7B3-FE9461960F99}.Debug|Any CPU.ActiveCfg = Debug|Any CPU
		{B90B0DEE-C542-41BC-B7B3-FE9461960F99}.Debug|Any CPU.Build.0 = Debug|Any CPU
		{B90B0DEE-C542-41BC-B7B3-FE9461960F99}.Release|Any CPU.ActiveCfg = Release|Any CPU
		{B90B0DEE-C542-41BC-B7B3-FE9461960F99}.Release|Any CPU.Build.0 = Release|Any CPU
	EndGlobalSection
	GlobalSection(SolutionProperties) = preSolution
		HideSolutionNode = FALSE
	EndGlobalSection
	GlobalSection(ExtensibilityGlobals) = postSolution
		SolutionGuid = {7B6E619A-6342-4DDF-A662-4581BCFA58D9}
	EndGlobalSection
EndGlobal
